// !$*UTF8*$!
{
	archiveVersion = 1;
	classes = {
	};
	objectVersion = 46;
	objects = {

/* Begin PBXBuildFile section */
		2F431BC41CA29E9800468C60 /* AppDelegate.swift in Sources */ = {isa = PBXBuildFile; fileRef = 2F431BC31CA29E9800468C60 /* AppDelegate.swift */; };
		2F431BC81CA29E9800468C60 /* GameScene.swift in Sources */ = {isa = PBXBuildFile; fileRef = 2F431BC71CA29E9800468C60 /* GameScene.swift */; };
		2F431BCA1CA29E9800468C60 /* GameViewController.swift in Sources */ = {isa = PBXBuildFile; fileRef = 2F431BC91CA29E9800468C60 /* GameViewController.swift */; };
		2F431BCD1CA29E9800468C60 /* Main.storyboard in Resources */ = {isa = PBXBuildFile; fileRef = 2F431BCB1CA29E9800468C60 /* Main.storyboard */; };
		2F431BCF1CA29E9800468C60 /* Assets.xcassets in Resources */ = {isa = PBXBuildFile; fileRef = 2F431BCE1CA29E9800468C60 /* Assets.xcassets */; };
		2F431BD21CA29E9800468C60 /* LaunchScreen.storyboard in Resources */ = {isa = PBXBuildFile; fileRef = 2F431BD01CA29E9800468C60 /* LaunchScreen.storyboard */; };
		2F431BDD1CA29E9800468C60 /* Air_HockeyTests.swift in Sources */ = {isa = PBXBuildFile; fileRef = 2F431BDC1CA29E9800468C60 /* Air_HockeyTests.swift */; };
		2F431BE81CA29E9800468C60 /* Air_HockeyUITests.swift in Sources */ = {isa = PBXBuildFile; fileRef = 2F431BE71CA29E9800468C60 /* Air_HockeyUITests.swift */; };
		2F431BF61CA29EE800468C60 /* Mallet.swift in Sources */ = {isa = PBXBuildFile; fileRef = 2F431BF51CA29EE800468C60 /* Mallet.swift */; };
		2FDA03611CD6838D0098C204 /* MultiPlayer.swift in Sources */ = {isa = PBXBuildFile; fileRef = 2FDA03601CD6838D0098C204 /* MultiPlayer.swift */; };
		2FDA03631CD694FA0098C204 /* StartScene.swift in Sources */ = {isa = PBXBuildFile; fileRef = 2FDA03621CD694FA0098C204 /* StartScene.swift */; };
		2FDA03651CD699F30098C204 /* Player1Win.swift in Sources */ = {isa = PBXBuildFile; fileRef = 2FDA03641CD699F30098C204 /* Player1Win.swift */; };
		2FDA03671CD69CF20098C204 /* Player2Win.swift in Sources */ = {isa = PBXBuildFile; fileRef = 2FDA03661CD69CF20098C204 /* Player2Win.swift */; };
		2FDC8DD61CD8858A0057017C /* MyUtils.swift in Sources */ = {isa = PBXBuildFile; fileRef = 2FDC8DD51CD8858A0057017C /* MyUtils.swift */; };
/* End PBXBuildFile section */

/* Begin PBXContainerItemProxy section */
		2F431BD91CA29E9800468C60 /* PBXContainerItemProxy */ = {
			isa = PBXContainerItemProxy;
			containerPortal = 2F431BB81CA29E9800468C60 /* Project object */;
			proxyType = 1;
			remoteGlobalIDString = 2F431BBF1CA29E9800468C60;
			remoteInfo = "Air Hockey";
		};
		2F431BE41CA29E9800468C60 /* PBXContainerItemProxy */ = {
			isa = PBXContainerItemProxy;
			containerPortal = 2F431BB81CA29E9800468C60 /* Project object */;
			proxyType = 1;
			remoteGlobalIDString = 2F431BBF1CA29E9800468C60;
			remoteInfo = "Air Hockey";
		};
/* End PBXContainerItemProxy section */

/* Begin PBXFileReference section */
		2F431BC01CA29E9800468C60 /* Air Hockey.app */ = {isa = PBXFileReference; explicitFileType = wrapper.application; includeInIndex = 0; path = "Air Hockey.app"; sourceTree = BUILT_PRODUCTS_DIR; };
		2F431BC31CA29E9800468C60 /* AppDelegate.swift */ = {isa = PBXFileReference; lastKnownFileType = sourcecode.swift; path = AppDelegate.swift; sourceTree = "<group>"; };
		2F431BC71CA29E9800468C60 /* GameScene.swift */ = {isa = PBXFileReference; lastKnownFileType = sourcecode.swift; path = GameScene.swift; sourceTree = "<group>"; };
		2F431BC91CA29E9800468C60 /* GameViewController.swift */ = {isa = PBXFileReference; lastKnownFileType = sourcecode.swift; path = GameViewController.swift; sourceTree = "<group>"; };
		2F431BCC1CA29E9800468C60 /* Base */ = {isa = PBXFileReference; lastKnownFileType = file.storyboard; name = Base; path = Base.lproj/Main.storyboard; sourceTree = "<group>"; };
		2F431BCE1CA29E9800468C60 /* Assets.xcassets */ = {isa = PBXFileReference; lastKnownFileType = folder.assetcatalog; path = Assets.xcassets; sourceTree = "<group>"; };
		2F431BD11CA29E9800468C60 /* Base */ = {isa = PBXFileReference; lastKnownFileType = file.storyboard; name = Base; path = Base.lproj/LaunchScreen.storyboard; sourceTree = "<group>"; };
		2F431BD31CA29E9800468C60 /* Info.plist */ = {isa = PBXFileReference; lastKnownFileType = text.plist.xml; path = Info.plist; sourceTree = "<group>"; };
		2F431BD81CA29E9800468C60 /* Air HockeyTests.xctest */ = {isa = PBXFileReference; explicitFileType = wrapper.cfbundle; includeInIndex = 0; path = "Air HockeyTests.xctest"; sourceTree = BUILT_PRODUCTS_DIR; };
		2F431BDC1CA29E9800468C60 /* Air_HockeyTests.swift */ = {isa = PBXFileReference; lastKnownFileType = sourcecode.swift; path = Air_HockeyTests.swift; sourceTree = "<group>"; };
		2F431BDE1CA29E9800468C60 /* Info.plist */ = {isa = PBXFileReference; lastKnownFileType = text.plist.xml; path = Info.plist; sourceTree = "<group>"; };
		2F431BE31CA29E9800468C60 /* Air HockeyUITests.xctest */ = {isa = PBXFileReference; explicitFileType = wrapper.cfbundle; includeInIndex = 0; path = "Air HockeyUITests.xctest"; sourceTree = BUILT_PRODUCTS_DIR; };
		2F431BE71CA29E9800468C60 /* Air_HockeyUITests.swift */ = {isa = PBXFileReference; lastKnownFileType = sourcecode.swift; path = Air_HockeyUITests.swift; sourceTree = "<group>"; };
		2F431BE91CA29E9800468C60 /* Info.plist */ = {isa = PBXFileReference; lastKnownFileType = text.plist.xml; path = Info.plist; sourceTree = "<group>"; };
		2F431BF51CA29EE800468C60 /* Mallet.swift */ = {isa = PBXFileReference; fileEncoding = 4; lastKnownFileType = sourcecode.swift; path = Mallet.swift; sourceTree = "<group>"; };
		2FDA03601CD6838D0098C204 /* MultiPlayer.swift */ = {isa = PBXFileReference; fileEncoding = 4; lastKnownFileType = sourcecode.swift; path = MultiPlayer.swift; sourceTree = "<group>"; };
		2FDA03621CD694FA0098C204 /* StartScene.swift */ = {isa = PBXFileReference; fileEncoding = 4; lastKnownFileType = sourcecode.swift; path = StartScene.swift; sourceTree = "<group>"; };
		2FDA03641CD699F30098C204 /* Player1Win.swift */ = {isa = PBXFileReference; fileEncoding = 4; lastKnownFileType = sourcecode.swift; path = Player1Win.swift; sourceTree = "<group>"; };
		2FDA03661CD69CF20098C204 /* Player2Win.swift */ = {isa = PBXFileReference; fileEncoding = 4; lastKnownFileType = sourcecode.swift; path = Player2Win.swift; sourceTree = "<group>"; };
		2FDC8DD51CD8858A0057017C /* MyUtils.swift */ = {isa = PBXFileReference; fileEncoding = 4; lastKnownFileType = sourcecode.swift; path = MyUtils.swift; sourceTree = "<group>"; };
/* End PBXFileReference section */

/* Begin PBXFrameworksBuildPhase section */
		2F431BBD1CA29E9800468C60 /* Frameworks */ = {
			isa = PBXFrameworksBuildPhase;
			buildActionMask = 2147483647;
			files = (
			);
			runOnlyForDeploymentPostprocessing = 0;
		};
		2F431BD51CA29E9800468C60 /* Frameworks */ = {
			isa = PBXFrameworksBuildPhase;
			buildActionMask = 2147483647;
			files = (
			);
			runOnlyForDeploymentPostprocessing = 0;
		};
		2F431BE01CA29E9800468C60 /* Frameworks */ = {
			isa = PBXFrameworksBuildPhase;
			buildActionMask = 2147483647;
			files = (
			);
			runOnlyForDeploymentPostprocessing = 0;
		};
/* End PBXFrameworksBuildPhase section */

/* Begin PBXGroup section */
		2F431BB71CA29E9800468C60 = {
			isa = PBXGroup;
			children = (
				2F431BC21CA29E9800468C60 /* Air Hockey */,
				2F431BDB1CA29E9800468C60 /* Air HockeyTests */,
				2F431BE61CA29E9800468C60 /* Air HockeyUITests */,
				2F431BC11CA29E9800468C60 /* Products */,
			);
			sourceTree = "<group>";
		};
		2F431BC11CA29E9800468C60 /* Products */ = {
			isa = PBXGroup;
			children = (
				2F431BC01CA29E9800468C60 /* Air Hockey.app */,
				2F431BD81CA29E9800468C60 /* Air HockeyTests.xctest */,
				2F431BE31CA29E9800468C60 /* Air HockeyUITests.xctest */,
			);
			name = Products;
			sourceTree = "<group>";
		};
		2F431BC21CA29E9800468C60 /* Air Hockey */ = {
			isa = PBXGroup;
			children = (
				2FDA03681CD69D210098C204 /* Scenes */,
				2F431BC31CA29E9800468C60 /* AppDelegate.swift */,
				2F431BF51CA29EE800468C60 /* Mallet.swift */,
				2F431BC91CA29E9800468C60 /* GameViewController.swift */,
				2F431BCB1CA29E9800468C60 /* Main.storyboard */,
				2F431BCE1CA29E9800468C60 /* Assets.xcassets */,
				2F431BD01CA29E9800468C60 /* LaunchScreen.storyboard */,
				2F431BD31CA29E9800468C60 /* Info.plist */,
				2FDC8DD51CD8858A0057017C /* MyUtils.swift */,
			);
			path = "Air Hockey";
			sourceTree = "<group>";
		};
		2F431BDB1CA29E9800468C60 /* Air HockeyTests */ = {
			isa = PBXGroup;
			children = (
				2F431BDC1CA29E9800468C60 /* Air_HockeyTests.swift */,
				2F431BDE1CA29E9800468C60 /* Info.plist */,
			);
			path = "Air HockeyTests";
			sourceTree = "<group>";
		};
		2F431BE61CA29E9800468C60 /* Air HockeyUITests */ = {
			isa = PBXGroup;
			children = (
				2F431BE71CA29E9800468C60 /* Air_HockeyUITests.swift */,
				2F431BE91CA29E9800468C60 /* Info.plist */,
			);
			path = "Air HockeyUITests";
			sourceTree = "<group>";
		};
		2FDA03681CD69D210098C204 /* Scenes */ = {
			isa = PBXGroup;
			children = (
				2FDA03621CD694FA0098C204 /* StartScene.swift */,
				2F431BC71CA29E9800468C60 /* GameScene.swift */,
				2FDA03601CD6838D0098C204 /* MultiPlayer.swift */,
				2FDA03641CD699F30098C204 /* Player1Win.swift */,
				2FDA03661CD69CF20098C204 /* Player2Win.swift */,
			);
			name = Scenes;
			sourceTree = "<group>";
		};
/* End PBXGroup section */

/* Begin PBXNativeTarget section */
		2F431BBF1CA29E9800468C60 /* Air Hockey */ = {
			isa = PBXNativeTarget;
			buildConfigurationList = 2F431BEC1CA29E9800468C60 /* Build configuration list for PBXNativeTarget "Air Hockey" */;
			buildPhases = (
				2F431BBC1CA29E9800468C60 /* Sources */,
				2F431BBD1CA29E9800468C60 /* Frameworks */,
				2F431BBE1CA29E9800468C60 /* Resources */,
			);
			buildRules = (
			);
			dependencies = (
			);
			name = "Air Hockey";
			productName = "Air Hockey";
			productReference = 2F431BC01CA29E9800468C60 /* Air Hockey.app */;
			productType = "com.apple.product-type.application";
		};
		2F431BD71CA29E9800468C60 /* Air HockeyTests */ = {
			isa = PBXNativeTarget;
			buildConfigurationList = 2F431BEF1CA29E9800468C60 /* Build configuration list for PBXNativeTarget "Air HockeyTests" */;
			buildPhases = (
				2F431BD41CA29E9800468C60 /* Sources */,
				2F431BD51CA29E9800468C60 /* Frameworks */,
				2F431BD61CA29E9800468C60 /* Resources */,
			);
			buildRules = (
			);
			dependencies = (
				2F431BDA1CA29E9800468C60 /* PBXTargetDependency */,
			);
			name = "Air HockeyTests";
			productName = "Air HockeyTests";
			productReference = 2F431BD81CA29E9800468C60 /* Air HockeyTests.xctest */;
			productType = "com.apple.product-type.bundle.unit-test";
		};
		2F431BE21CA29E9800468C60 /* Air HockeyUITests */ = {
			isa = PBXNativeTarget;
			buildConfigurationList = 2F431BF21CA29E9800468C60 /* Build configuration list for PBXNativeTarget "Air HockeyUITests" */;
			buildPhases = (
				2F431BDF1CA29E9800468C60 /* Sources */,
				2F431BE01CA29E9800468C60 /* Frameworks */,
				2F431BE11CA29E9800468C60 /* Resources */,
			);
			buildRules = (
			);
			dependencies = (
				2F431BE51CA29E9800468C60 /* PBXTargetDependency */,
			);
			name = "Air HockeyUITests";
			productName = "Air HockeyUITests";
			productReference = 2F431BE31CA29E9800468C60 /* Air HockeyUITests.xctest */;
			productType = "com.apple.product-type.bundle.ui-testing";
		};
/* End PBXNativeTarget section */

/* Begin PBXProject section */
		2F431BB81CA29E9800468C60 /* Project object */ = {
			isa = PBXProject;
			attributes = {
				LastUpgradeCheck = 0700;
				ORGANIZATIONNAME = "Vignesh Kumar Rajasekaran";
				TargetAttributes = {
					2F431BBF1CA29E9800468C60 = {
						CreatedOnToolsVersion = 7.0.1;
						DevelopmentTeam = UW7D9DM39Y;
					};
					2F431BD71CA29E9800468C60 = {
						CreatedOnToolsVersion = 7.0.1;
						TestTargetID = 2F431BBF1CA29E9800468C60;
					};
					2F431BE21CA29E9800468C60 = {
						CreatedOnToolsVersion = 7.0.1;
						TestTargetID = 2F431BBF1CA29E9800468C60;
					};
				};
			};
			buildConfigurationList = 2F431BBB1CA29E9800468C60 /* Build configuration list for PBXProject "Air Hockey" */;
			compatibilityVersion = "Xcode 3.2";
			developmentRegion = English;
			hasScannedForEncodings = 0;
			knownRegions = (
				en,
				Base,
			);
			mainGroup = 2F431BB71CA29E9800468C60;
			productRefGroup = 2F431BC11CA29E9800468C60 /* Products */;
			projectDirPath = "";
			projectRoot = "";
			targets = (
				2F431BBF1CA29E9800468C60 /* Air Hockey */,
				2F431BD71CA29E9800468C60 /* Air HockeyTests */,
				2F431BE21CA29E9800468C60 /* Air HockeyUITests */,
			);
		};
/* End PBXProject section */

/* Begin PBXResourcesBuildPhase section */
		2F431BBE1CA29E9800468C60 /* Resources */ = {
			isa = PBXResourcesBuildPhase;
			buildActionMask = 2147483647;
			files = (
				2F431BD21CA29E9800468C60 /* LaunchScreen.storyboard in Resources */,
				2F431BCF1CA29E9800468C60 /* Assets.xcassets in Resources */,
				2F431BCD1CA29E9800468C60 /* Main.storyboard in Resources */,
			);
			runOnlyForDeploymentPostprocessing = 0;
		};
		2F431BD61CA29E9800468C60 /* Resources */ = {
			isa = PBXResourcesBuildPhase;
			buildActionMask = 2147483647;
			files = (
			);
			runOnlyForDeploymentPostprocessing = 0;
		};
		2F431BE11CA29E9800468C60 /* Resources */ = {
			isa = PBXResourcesBuildPhase;
			buildActionMask = 2147483647;
			files = (
			);
			runOnlyForDeploymentPostprocessing = 0;
		};
/* End PBXResourcesBuildPhase section */

/* Begin PBXSourcesBuildPhase section */
		2F431BBC1CA29E9800468C60 /* Sources */ = {
			isa = PBXSourcesBuildPhase;
			buildActionMask = 2147483647;
			files = (
				2FDA03671CD69CF20098C204 /* Player2Win.swift in Sources */,
				2FDA03611CD6838D0098C204 /* MultiPlayer.swift in Sources */,
				2FDA03631CD694FA0098C204 /* StartScene.swift in Sources */,
				2F431BC81CA29E9800468C60 /* GameScene.swift in Sources */,
				2FDC8DD61CD8858A0057017C /* MyUtils.swift in Sources */,
				2F431BCA1CA29E9800468C60 /* GameViewController.swift in Sources */,
				2F431BF61CA29EE800468C60 /* Mallet.swift in Sources */,
				2FDA03651CD699F30098C204 /* Player1Win.swift in Sources */,
				2F431BC41CA29E9800468C60 /* AppDelegate.swift in Sources */,
			);
			runOnlyForDeploymentPostprocessing = 0;
		};
		2F431BD41CA29E9800468C60 /* Sources */ = {
			isa = PBXSourcesBuildPhase;
			buildActionMask = 2147483647;
			files = (
				2F431BDD1CA29E9800468C60 /* Air_HockeyTests.swift in Sources */,
			);
			runOnlyForDeploymentPostprocessing = 0;
		};
		2F431BDF1CA29E9800468C60 /* Sources */ = {
			isa = PBXSourcesBuildPhase;
			buildActionMask = 2147483647;
			files = (
				2F431BE81CA29E9800468C60 /* Air_HockeyUITests.swift in Sources */,
			);
			runOnlyForDeploymentPostprocessing = 0;
		};
/* End PBXSourcesBuildPhase section */

/* Begin PBXTargetDependency section */
		2F431BDA1CA29E9800468C60 /* PBXTargetDependency */ = {
			isa = PBXTargetDependency;
			target = 2F431BBF1CA29E9800468C60 /* Air Hockey */;
			targetProxy = 2F431BD91CA29E9800468C60 /* PBXContainerItemProxy */;
		};
		2F431BE51CA29E9800468C60 /* PBXTargetDependency */ = {
			isa = PBXTargetDependency;
			target = 2F431BBF1CA29E9800468C60 /* Air Hockey */;
			targetProxy = 2F431BE41CA29E9800468C60 /* PBXContainerItemProxy */;
		};
/* End PBXTargetDependency section */

/* Begin PBXVariantGroup section */
		2F431BCB1CA29E9800468C60 /* Main.storyboard */ = {
			isa = PBXVariantGroup;
			children = (
				2F431BCC1CA29E9800468C60 /* Base */,
			);
			name = Main.storyboard;
			sourceTree = "<group>";
		};
		2F431BD01CA29E9800468C60 /* LaunchScreen.storyboard */ = {
			isa = PBXVariantGroup;
			children = (
				2F431BD11CA29E9800468C60 /* Base */,
			);
			name = LaunchScreen.storyboard;
			sourceTree = "<group>";
		};
/* End PBXVariantGroup section */

/* Begin XCBuildConfiguration section */
		2F431BEA1CA29E9800468C60 /* Debug */ = {
			isa = XCBuildConfiguration;
			buildSettings = {
				ALWAYS_SEARCH_USER_PATHS = NO;
				CLANG_CXX_LANGUAGE_STANDARD = "gnu++0x";
				CLANG_CXX_LIBRARY = "libc++";
				CLANG_ENABLE_MODULES = YES;
				CLANG_ENABLE_OBJC_ARC = YES;
				CLANG_WARN_BOOL_CONVERSION = YES;
				CLANG_WARN_CONSTANT_CONVERSION = YES;
				CLANG_WARN_DIRECT_OBJC_ISA_USAGE = YES_ERROR;
				CLANG_WARN_EMPTY_BODY = YES;
				CLANG_WARN_ENUM_CONVERSION = YES;
				CLANG_WARN_INT_CONVERSION = YES;
				CLANG_WARN_OBJC_ROOT_CLASS = YES_ERROR;
				CLANG_WARN_UNREACHABLE_CODE = YES;
				CLANG_WARN__DUPLICATE_METHOD_MATCH = YES;
				"CODE_SIGN_IDENTITY[sdk=iphoneos*]" = "iPhone Developer";
				COPY_PHASE_STRIP = NO;
				DEBUG_INFORMATION_FORMAT = "dwarf-with-dsym";
				ENABLE_STRICT_OBJC_MSGSEND = YES;
				ENABLE_TESTABILITY = YES;
				GCC_C_LANGUAGE_STANDARD = gnu99;
				GCC_DYNAMIC_NO_PIC = NO;
				GCC_NO_COMMON_BLOCKS = YES;
				GCC_OPTIMIZATION_LEVEL = 0;
				GCC_PREPROCESSOR_DEFINITIONS = (
					"DEBUG=1",
					"$(inherited)",
				);
				GCC_WARN_64_TO_32_BIT_CONVERSION = YES;
				GCC_WARN_ABOUT_RETURN_TYPE = YES_ERROR;
				GCC_WARN_UNDECLARED_SELECTOR = YES;
				GCC_WARN_UNINITIALIZED_AUTOS = YES_AGGRESSIVE;
				GCC_WARN_UNUSED_FUNCTION = YES;
				GCC_WARN_UNUSED_VARIABLE = YES;
				IPHONEOS_DEPLOYMENT_TARGET = 9.0;
				MTL_ENABLE_DEBUG_INFO = YES;
				ONLY_ACTIVE_ARCH = YES;
				SDKROOT = iphoneos;
				SWIFT_OPTIMIZATION_LEVEL = "-Onone";
				TARGETED_DEVICE_FAMILY = "1,2";
			};
			name = Debug;
		};
		2F431BEB1CA29E9800468C60 /* Release */ = {
			isa = XCBuildConfiguration;
			buildSettings = {
				ALWAYS_SEARCH_USER_PATHS = NO;
				CLANG_CXX_LANGUAGE_STANDARD = "gnu++0x";
				CLANG_CXX_LIBRARY = "libc++";
				CLANG_ENABLE_MODULES = YES;
				CLANG_ENABLE_OBJC_ARC = YES;
				CLANG_WARN_BOOL_CONVERSION = YES;
				CLANG_WARN_CONSTANT_CONVERSION = YES;
				CLANG_WARN_DIRECT_OBJC_ISA_USAGE = YES_ERROR;
				CLANG_WARN_EMPTY_BODY = YES;
				CLANG_WARN_ENUM_CONVERSION = YES;
				CLANG_WARN_INT_CONVERSION = YES;
				CLANG_WARN_OBJC_ROOT_CLASS = YES_ERROR;
				CLANG_WARN_UNREACHABLE_CODE = YES;
				CLANG_WARN__DUPLICATE_METHOD_MATCH = YES;
				"CODE_SIGN_IDENTITY[sdk=iphoneos*]" = "iPhone Developer";
				COPY_PHASE_STRIP = NO;
				DEBUG_INFORMATION_FORMAT = "dwarf-with-dsym";
				ENABLE_NS_ASSERTIONS = NO;
				ENABLE_STRICT_OBJC_MSGSEND = YES;
				GCC_C_LANGUAGE_STANDARD = gnu99;
				GCC_NO_COMMON_BLOCKS = YES;
				GCC_WARN_64_TO_32_BIT_CONVERSION = YES;
				GCC_WARN_ABOUT_RETURN_TYPE = YES_ERROR;
				GCC_WARN_UNDECLARED_SELECTOR = YES;
				GCC_WARN_UNINITIALIZED_AUTOS = YES_AGGRESSIVE;
				GCC_WARN_UNUSED_FUNCTION = YES;
				GCC_WARN_UNUSED_VARIABLE = YES;
				IPHONEOS_DEPLOYMENT_TARGET = 9.0;
				MTL_ENABLE_DEBUG_INFO = NO;
				SDKROOT = iphoneos;
				TARGETED_DEVICE_FAMILY = "1,2";
				VALIDATE_PRODUCT = YES;
			};
			name = Release;
		};
		2F431BED1CA29E9800468C60 /* Debug */ = {
			isa = XCBuildConfiguration;
			buildSettings = {
				ASSETCATALOG_COMPILER_APPICON_NAME = AppIcon;
				CODE_SIGN_IDENTITY = "iPhone Developer";
				"CODE_SIGN_IDENTITY[sdk=iphoneos*]" = "iPhone Developer";
				INFOPLIST_FILE = "Air Hockey/Info.plist";
				LD_RUNPATH_SEARCH_PATHS = "$(inherited) @executable_path/Frameworks";
				PRODUCT_BUNDLE_IDENTIFIER = "Personal.Air-Hockey";
				PRODUCT_NAME = "$(TARGET_NAME)";
				PROVISIONING_PROFILE = "";
			};
			name = Debug;
		};
		2F431BEE1CA29E9800468C60 /* Release */ = {
			isa = XCBuildConfiguration;
			buildSettings = {
				ASSETCATALOG_COMPILER_APPICON_NAME = AppIcon;
				CODE_SIGN_IDENTITY = "iPhone Developer";
				"CODE_SIGN_IDENTITY[sdk=iphoneos*]" = "iPhone Developer";
				INFOPLIST_FILE = "Air Hockey/Info.plist";
				LD_RUNPATH_SEARCH_PATHS = "$(inherited) @executable_path/Frameworks";
				PRODUCT_BUNDLE_IDENTIFIER = "Personal.Air-Hockey";
				PRODUCT_NAME = "$(TARGET_NAME)";
				PROVISIONING_PROFILE = "";
			};
			name = Release;
		};
		2F431BF01CA29E9800468C60 /* Debug */ = {
			isa = XCBuildConfiguration;
			buildSettings = {
				BUNDLE_LOADER = "$(TEST_HOST)";
				DEBUG_INFORMATION_FORMAT = dwarf;
				INFOPLIST_FILE = "Air HockeyTests/Info.plist";
				LD_RUNPATH_SEARCH_PATHS = "$(inherited) @executable_path/Frameworks @loader_path/Frameworks";
				PRODUCT_BUNDLE_IDENTIFIER = "Personal.Air-HockeyTests";
				PRODUCT_NAME = "$(TARGET_NAME)";
				TEST_HOST = "$(BUILT_PRODUCTS_DIR)/Air Hockey.app/Air Hockey";
			};
			name = Debug;
		};
		2F431BF11CA29E9800468C60 /* Release */ = {
			isa = XCBuildConfiguration;
			buildSettings = {
				BUNDLE_LOADER = "$(TEST_HOST)";
				INFOPLIST_FILE = "Air HockeyTests/Info.plist";
				LD_RUNPATH_SEARCH_PATHS = "$(inherited) @executable_path/Frameworks @loader_path/Frameworks";
				PRODUCT_BUNDLE_IDENTIFIER = "Personal.Air-HockeyTests";
				PRODUCT_NAME = "$(TARGET_NAME)";
				TEST_HOST = "$(BUILT_PRODUCTS_DIR)/Air Hockey.app/Air Hockey";
			};
			name = Release;
		};
		2F431BF31CA29E9800468C60 /* Debug */ = {
			isa = XCBuildConfiguration;
			buildSettings = {
				DEBUG_INFORMATION_FORMAT = dwarf;
				INFOPLIST_FILE = "Air HockeyUITests/Info.plist";
				LD_RUNPATH_SEARCH_PATHS = "$(inherited) @executable_path/Frameworks @loader_path/Frameworks";
				PRODUCT_BUNDLE_IDENTIFIER = "Personal.Air-HockeyUITests";
				PRODUCT_NAME = "$(TARGET_NAME)";
				TEST_TARGET_NAME = "Air Hockey";
				USES_XCTRUNNER = YES;
			};
			name = Debug;
		};
		2F431BF41CA29E9800468C60 /* Release */ = {
			isa = XCBuildConfiguration;
			buildSettings = {
				INFOPLIST_FILE = "Air HockeyUITests/Info.plist";
				LD_RUNPATH_SEARCH_PATHS = "$(inherited) @executable_path/Frameworks @loader_path/Frameworks";
				PRODUCT_BUNDLE_IDENTIFIER = "Personal.Air-HockeyUITests";
				PRODUCT_NAME = "$(TARGET_NAME)";
				TEST_TARGET_NAME = "Air Hockey";
				USES_XCTRUNNER = YES;
			};
			name = Release;
		};
/* End XCBuildConfiguration section */

/* Begin XCConfigurationList section */
		2F431BBB1CA29E9800468C60 /* Build configuration list for PBXProject "Air Hockey" */ = {
			isa = XCConfigurationList;
			buildConfigurations = (
				2F431BEA1CA29E9800468C60 /* Debug */,
				2F431BEB1CA29E9800468C60 /* Release */,
			);
			defaultConfigurationIsVisible = 0;
			defaultConfigurationName = Release;
		};
		2F431BEC1CA29E9800468C60 /* Build configuration list for PBXNativeTarget "Air Hockey" */ = {
			isa = XCConfigurationList;
			buildConfigurations = (
				2F431BED1CA29E9800468C60 /* Debug */,
				2F431BEE1CA29E9800468C60 /* Release */,
			);
			defaultConfigurationIsVisible = 0;
			defaultConfigurationName = Release;
		};
		2F431BEF1CA29E9800468C60 /* Build configuration list for PBXNativeTarget "Air HockeyTests" */ = {
			isa = XCConfigurationList;
			buildConfigurations = (
				2F431BF01CA29E9800468C60 /* Debug */,
				2F431BF11CA29E9800468C60 /* Release */,
			);
			defaultConfigurationIsVisible = 0;
			defaultConfigurationName = Release;
		};
		2F431BF21CA29E9800468C60 /* Build configuration list for PBXNativeTarget "Air HockeyUITests" */ = {
			isa = XCConfigurationList;
			buildConfigurations = (
				2F431BF31CA29E9800468C60 /* Debug */,
				2F431BF41CA29E9800468C60 /* Release */,
			);
			defaultConfigurationIsVisible = 0;
			defaultConfigurationName = Release;
		};
/* End XCConfigurationList section */
	};
	rootObject = 2F431BB81CA29E9800468C60 /* Project object */;
}
